// !$*UTF8*$!
{
	archiveVersion = 1;
	classes = {
	};
	objectVersion = 55;
	objects = {

/* Begin PBXBuildFile section */
		FE98D8802892C6DF00E1BF1C /* Apple_FrameworksApp.swift in Sources */ = {isa = PBXBuildFile; fileRef = FE98D87F2892C6DF00E1BF1C /* Apple_FrameworksApp.swift */; };
		FE98D8842892C6E100E1BF1C /* Assets.xcassets in Resources */ = {isa = PBXBuildFile; fileRef = FE98D8832892C6E100E1BF1C /* Assets.xcassets */; };
		FE98D8872892C6E100E1BF1C /* Preview Assets.xcassets in Resources */ = {isa = PBXBuildFile; fileRef = FE98D8862892C6E100E1BF1C /* Preview Assets.xcassets */; };
		FE98D88E2892C72600E1BF1C /* Framework.swift in Sources */ = {isa = PBXBuildFile; fileRef = FE98D88D2892C72600E1BF1C /* Framework.swift */; };
		FE98D8962892CA2B00E1BF1C /* FrameworkGridView.swift in Sources */ = {isa = PBXBuildFile; fileRef = FE98D8952892CA2B00E1BF1C /* FrameworkGridView.swift */; };
		FE98D8982892D8B200E1BF1C /* FrameworkDetailView.swift in Sources */ = {isa = PBXBuildFile; fileRef = FE98D8972892D8B200E1BF1C /* FrameworkDetailView.swift */; };
		FE98D89A2892DB4F00E1BF1C /* AFButton.swift in Sources */ = {isa = PBXBuildFile; fileRef = FE98D8992892DB4F00E1BF1C /* AFButton.swift */; };
/* End PBXBuildFile section */

/* Begin PBXFileReference section */
		FE98D87C2892C6DF00E1BF1C /* Apple-Frameworks.app */ = {isa = PBXFileReference; explicitFileType = wrapper.application; includeInIndex = 0; path = "Apple-Frameworks.app"; sourceTree = BUILT_PRODUCTS_DIR; };
		FE98D87F2892C6DF00E1BF1C /* Apple_FrameworksApp.swift */ = {isa = PBXFileReference; lastKnownFileType = sourcecode.swift; path = Apple_FrameworksApp.swift; sourceTree = "<group>"; };
		FE98D8832892C6E100E1BF1C /* Assets.xcassets */ = {isa = PBXFileReference; lastKnownFileType = folder.assetcatalog; path = Assets.xcassets; sourceTree = "<group>"; };
		FE98D8862892C6E100E1BF1C /* Preview Assets.xcassets */ = {isa = PBXFileReference; lastKnownFileType = folder.assetcatalog; path = "Preview Assets.xcassets"; sourceTree = "<group>"; };
		FE98D88D2892C72600E1BF1C /* Framework.swift */ = {isa = PBXFileReference; lastKnownFileType = sourcecode.swift; path = Framework.swift; sourceTree = "<group>"; };
		FE98D8952892CA2B00E1BF1C /* FrameworkGridView.swift */ = {isa = PBXFileReference; lastKnownFileType = sourcecode.swift; path = FrameworkGridView.swift; sourceTree = "<group>"; };
		FE98D8972892D8B200E1BF1C /* FrameworkDetailView.swift */ = {isa = PBXFileReference; lastKnownFileType = sourcecode.swift; path = FrameworkDetailView.swift; sourceTree = "<group>"; };
		FE98D8992892DB4F00E1BF1C /* AFButton.swift */ = {isa = PBXFileReference; lastKnownFileType = sourcecode.swift; path = AFButton.swift; sourceTree = "<group>"; };
/* End PBXFileReference section */

/* Begin PBXFrameworksBuildPhase section */
		FE98D8792892C6DF00E1BF1C /* Frameworks */ = {
			isa = PBXFrameworksBuildPhase;
			buildActionMask = 2147483647;
			files = (
			);
			runOnlyForDeploymentPostprocessing = 0;
		};
/* End PBXFrameworksBuildPhase section */

/* Begin PBXGroup section */
		FE98D8732892C6DF00E1BF1C = {
			isa = PBXGroup;
			children = (
				FE98D87E2892C6DF00E1BF1C /* Apple-Frameworks */,
				FE98D87D2892C6DF00E1BF1C /* Products */,
			);
			sourceTree = "<group>";
		};
		FE98D87D2892C6DF00E1BF1C /* Products */ = {
			isa = PBXGroup;
			children = (
				FE98D87C2892C6DF00E1BF1C /* Apple-Frameworks.app */,
			);
			name = Products;
			sourceTree = "<group>";
		};
		FE98D87E2892C6DF00E1BF1C /* Apple-Frameworks */ = {
			isa = PBXGroup;
			children = (
				FE98D87F2892C6DF00E1BF1C /* Apple_FrameworksApp.swift */,
				FE98D8952892CA2B00E1BF1C /* FrameworkGridView.swift */,
				FE98D8972892D8B200E1BF1C /* FrameworkDetailView.swift */,
				FE98D8992892DB4F00E1BF1C /* AFButton.swift */,
				FE98D88D2892C72600E1BF1C /* Framework.swift */,
				FE98D8832892C6E100E1BF1C /* Assets.xcassets */,
				FE98D8852892C6E100E1BF1C /* Preview Content */,
			);
			path = "Apple-Frameworks";
			sourceTree = "<group>";
		};
		FE98D8852892C6E100E1BF1C /* Preview Content */ = {
			isa = PBXGroup;
			children = (
				FE98D8862892C6E100E1BF1C /* Preview Assets.xcassets */,
			);
			path = "Preview Content";
			sourceTree = "<group>";
		};
/* End PBXGroup section */

/* Begin PBXNativeTarget section */
		FE98D87B2892C6DF00E1BF1C /* Apple-Frameworks */ = {
			isa = PBXNativeTarget;
			buildConfigurationList = FE98D88A2892C6E100E1BF1C /* Build configuration list for PBXNativeTarget "Apple-Frameworks" */;
			buildPhases = (
				FE98D8782892C6DF00E1BF1C /* Sources */,
				FE98D8792892C6DF00E1BF1C /* Frameworks */,
				FE98D87A2892C6DF00E1BF1C /* Resources */,
			);
			buildRules = (
			);
			dependencies = (
			);
			name = "Apple-Frameworks";
			productName = "Apple-Frameworks";
			productReference = FE98D87C2892C6DF00E1BF1C /* Apple-Frameworks.app */;
			productType = "com.apple.product-type.application";
		};
/* End PBXNativeTarget section */

/* Begin PBXProject section */
		FE98D8742892C6DF00E1BF1C /* Project object */ = {
			isa = PBXProject;
			attributes = {
				BuildIndependentTargetsInParallel = 1;
				LastSwiftUpdateCheck = 1340;
				LastUpgradeCheck = 1340;
				TargetAttributes = {
					FE98D87B2892C6DF00E1BF1C = {
						CreatedOnToolsVersion = 13.4.1;
					};
				};
			};
			buildConfigurationList = FE98D8772892C6DF00E1BF1C /* Build configuration list for PBXProject "Apple-Frameworks" */;
			compatibilityVersion = "Xcode 13.0";
			developmentRegion = en;
			hasScannedForEncodings = 0;
			knownRegions = (
				en,
				Base,
			);
			mainGroup = FE98D8732892C6DF00E1BF1C;
			productRefGroup = FE98D87D2892C6DF00E1BF1C /* Products */;
			projectDirPath = "";
			projectRoot = "";
			targets = (
				FE98D87B2892C6DF00E1BF1C /* Apple-Frameworks */,
			);
		};
/* End PBXProject section */

/* Begin PBXResourcesBuildPhase section */
		FE98D87A2892C6DF00E1BF1C /* Resources */ = {
			isa = PBXResourcesBuildPhase;
			buildActionMask = 2147483647;
			files = (
				FE98D8872892C6E100E1BF1C /* Preview Assets.xcassets in Resources */,
				FE98D8842892C6E100E1BF1C /* Assets.xcassets in Resources */,
			);
			runOnlyForDeploymentPostprocessing = 0;
		};
/* End PBXResourcesBuildPhase section */

/* Begin PBXSourcesBuildPhase section */
		FE98D8782892C6DF00E1BF1C /* Sources */ = {
			isa = PBXSourcesBuildPhase;
			buildActionMask = 2147483647;
			files = (
				FE98D8982892D8B200E1BF1C /* FrameworkDetailView.swift in Sources */,
				FE98D8962892CA2B00E1BF1C /* FrameworkGridView.swift in Sources */,
				FE98D88E2892C72600E1BF1C /* Framework.swift in Sources */,
				FE98D89A2892DB4F00E1BF1C /* AFButton.swift in Sources */,
				FE98D8802892C6DF00E1BF1C /* Apple_FrameworksApp.swift in Sources */,
			);
			runOnlyForDeploymentPostprocessing = 0;
		};
/* End PBXSourcesBuildPhase section */

/* Begin XCBuildConfiguration section */
		FE98D8882892C6E100E1BF1C /* Debug */ = {
			isa = XCBuildConfiguration;
			buildSettings = {
				ALWAYS_SEARCH_USER_PATHS = NO;
				CLANG_ANALYZER_NONNULL = YES;
				CLANG_ANALYZER_NUMBER_OBJECT_CONVERSION = YES_AGGRESSIVE;
				CLANG_CXX_LANGUAGE_STANDARD = "gnu++17";
				CLANG_ENABLE_MODULES = YES;
				CLANG_ENABLE_OBJC_ARC = YES;
				CLANG_ENABLE_OBJC_WEAK = YES;
				CLANG_WARN_BLOCK_CAPTURE_AUTORELEASING = YES;
				CLANG_WARN_BOOL_CONVERSION = YES;
				CLANG_WARN_COMMA = YES;
				CLANG_WARN_CONSTANT_CONVERSION = YES;
				CLANG_WARN_DEPRECATED_OBJC_IMPLEMENTATIONS = YES;
				CLANG_WARN_DIRECT_OBJC_ISA_USAGE = YES_ERROR;
				CLANG_WARN_DOCUMENTATION_COMMENTS = YES;
				CLANG_WARN_EMPTY_BODY = YES;
				CLANG_WARN_ENUM_CONVERSION = YES;
				CLANG_WARN_INFINITE_RECURSION = YES;
				CLANG_WARN_INT_CONVERSION = YES;
				CLANG_WARN_NON_LITERAL_NULL_CONVERSION = YES;
				CLANG_WARN_OBJC_IMPLICIT_RETAIN_SELF = YES;
				CLANG_WARN_OBJC_LITERAL_CONVERSION = YES;
				CLANG_WARN_OBJC_ROOT_CLASS = YES_ERROR;
				CLANG_WARN_QUOTED_INCLUDE_IN_FRAMEWORK_HEADER = YES;
				CLANG_WARN_RANGE_LOOP_ANALYSIS = YES;
				CLANG_WARN_STRICT_PROTOTYPES = YES;
				CLANG_WARN_SUSPICIOUS_MOVE = YES;
				CLANG_WARN_UNGUARDED_AVAILABILITY = YES_AGGRESSIVE;
				CLANG_WARN_UNREACHABLE_CODE = YES;
				CLANG_WARN__DUPLICATE_METHOD_MATCH = YES;
				COPY_PHASE_STRIP = NO;
				DEBUG_INFORMATION_FORMAT = dwarf;
				ENABLE_STRICT_OBJC_MSGSEND = YES;
				ENABLE_TESTABILITY = YES;
				GCC_C_LANGUAGE_STANDARD = gnu11;
				GCC_DYNAMIC_NO_PIC = NO;
				GCC_NO_COMMON_BLOCKS = YES;
				GCC_OPTIMIZATION_LEVEL = 0;
				GCC_PREPROCESSOR_DEFINITIONS = (
					"DEBUG=1",
					"$(inherited)",
				);
				GCC_WARN_64_TO_32_BIT_CONVERSION = YES;
				GCC_WARN_ABOUT_RETURN_TYPE = YES_ERROR;
				GCC_WARN_UNDECLARED_SELECTOR = YES;
				GCC_WARN_UNINITIALIZED_AUTOS = YES_AGGRESSIVE;
				GCC_WARN_UNUSED_FUNCTION = YES;
				GCC_WARN_UNUSED_VARIABLE = YES;
				IPHONEOS_DEPLOYMENT_TARGET = 15.5;
				MTL_ENABLE_DEBUG_INFO = INCLUDE_SOURCE;
				MTL_FAST_MATH = YES;
				ONLY_ACTIVE_ARCH = YES;
				SDKROOT = iphoneos;
				SWIFT_ACTIVE_COMPILATION_CONDITIONS = DEBUG;
				SWIFT_OPTIMIZATION_LEVEL = "-Onone";
			};
			name = Debug;
		};
		FE98D8892892C6E100E1BF1C /* Release */ = {
			isa = XCBuildConfiguration;
			buildSettings = {
				ALWAYS_SEARCH_USER_PATHS = NO;
				CLANG_ANALYZER_NONNULL = YES;
				CLANG_ANALYZER_NUMBER_OBJECT_CONVERSION = YES_AGGRESSIVE;
				CLANG_CXX_LANGUAGE_STANDARD = "gnu++17";
				CLANG_ENABLE_MODULES = YES;
				CLANG_ENABLE_OBJC_ARC = YES;
				CLANG_ENABLE_OBJC_WEAK = YES;
				CLANG_WARN_BLOCK_CAPTURE_AUTORELEASING = YES;
				CLANG_WARN_BOOL_CONVERSION = YES;
				CLANG_WARN_COMMA = YES;
				CLANG_WARN_CONSTANT_CONVERSION = YES;
				CLANG_WARN_DEPRECATED_OBJC_IMPLEMENTATIONS = YES;
				CLANG_WARN_DIRECT_OBJC_ISA_USAGE = YES_ERROR;
				CLANG_WARN_DOCUMENTATION_COMMENTS = YES;
				CLANG_WARN_EMPTY_BODY = YES;
				CLANG_WARN_ENUM_CONVERSION = YES;
				CLANG_WARN_INFINITE_RECURSION = YES;
				CLANG_WARN_INT_CONVERSION = YES;
				CLANG_WARN_NON_LITERAL_NULL_CONVERSION = YES;
				CLANG_WARN_OBJC_IMPLICIT_RETAIN_SELF = YES;
				CLANG_WARN_OBJC_LITERAL_CONVERSION = YES;
				CLANG_WARN_OBJC_ROOT_CLASS = YES_ERROR;
				CLANG_WARN_QUOTED_INCLUDE_IN_FRAMEWORK_HEADER = YES;
				CLANG_WARN_RANGE_LOOP_ANALYSIS = YES;
				CLANG_WARN_STRICT_PROTOTYPES = YES;
				CLANG_WARN_SUSPICIOUS_MOVE = YES;
				CLANG_WARN_UNGUARDED_AVAILABILITY = YES_AGGRESSIVE;
				CLANG_WARN_UNREACHABLE_CODE = YES;
				CLANG_WARN__DUPLICATE_METHOD_MATCH = YES;
				COPY_PHASE_STRIP = NO;
				DEBUG_INFORMATION_FORMAT = "dwarf-with-dsym";
				ENABLE_NS_ASSERTIONS = NO;
				ENABLE_STRICT_OBJC_MSGSEND = YES;
				GCC_C_LANGUAGE_STANDARD = gnu11;
				GCC_NO_COMMON_BLOCKS = YES;
				GCC_WARN_64_TO_32_BIT_CONVERSION = YES;
				GCC_WARN_ABOUT_RETURN_TYPE = YES_ERROR;
				GCC_WARN_UNDECLARED_SELECTOR = YES;
				GCC_WARN_UNINITIALIZED_AUTOS = YES_AGGRESSIVE;
				GCC_WARN_UNUSED_FUNCTION = YES;
				GCC_WARN_UNUSED_VARIABLE = YES;
				IPHONEOS_DEPLOYMENT_TARGET = 15.5;
				MTL_ENABLE_DEBUG_INFO = NO;
				MTL_FAST_MATH = YES;
				SDKROOT = iphoneos;
				SWIFT_COMPILATION_MODE = wholemodule;
				SWIFT_OPTIMIZATION_LEVEL = "-O";
				VALIDATE_PRODUCT = YES;
			};
			name = Release;
		};
		FE98D88B2892C6E100E1BF1C /* Debug */ = {
			isa = XCBuildConfiguration;
			buildSettings = {
				ASSETCATALOG_COMPILER_APPICON_NAME = AppIcon;
				ASSETCATALOG_COMPILER_GLOBAL_ACCENT_COLOR_NAME = AccentColor;
				CODE_SIGN_STYLE = Automatic;
				CURRENT_PROJECT_VERSION = 1;
				DEVELOPMENT_ASSET_PATHS = "\"Apple-Frameworks/Preview Content\"";
				DEVELOPMENT_TEAM = 95E92JVM9T;
				ENABLE_PREVIEWS = YES;
				GENERATE_INFOPLIST_FILE = YES;
				INFOPLIST_KEY_UIApplicationSceneManifest_Generation = YES;
				INFOPLIST_KEY_UIApplicationSupportsIndirectInputEvents = YES;
				INFOPLIST_KEY_UILaunchScreen_Generation = YES;
				INFOPLIST_KEY_UISupportedInterfaceOrientations_iPad = "UIInterfaceOrientationPortrait UIInterfaceOrientationPortraitUpsideDown UIInterfaceOrientationLandscapeLeft UIInterfaceOrientationLandscapeRight";
				INFOPLIST_KEY_UISupportedInterfaceOrientations_iPhone = "UIInterfaceOrientationPortrait UIInterfaceOrientationLandscapeLeft UIInterfaceOrientationLandscapeRight";
				LD_RUNPATH_SEARCH_PATHS = (
					"$(inherited)",
					"@executable_path/Frameworks",
				);
				MARKETING_VERSION = 1.0;
				PRODUCT_BUNDLE_IDENTIFIER = "com.guipeppi.Apple-Frameworks";
				PRODUCT_NAME = "$(TARGET_NAME)";
				SWIFT_EMIT_LOC_STRINGS = YES;
				SWIFT_VERSION = 5.0;
				TARGETED_DEVICE_FAMILY = "1,2";
			};
			name = Debug;
		};
		FE98D88C2892C6E100E1BF1C /* Release */ = {
			isa = XCBuildConfiguration;
			buildSettings = {
				ASSETCATALOG_COMPILER_APPICON_NAME = AppIcon;
				ASSETCATALOG_COMPILER_GLOBAL_ACCENT_COLOR_NAME = AccentColor;
				CODE_SIGN_STYLE = Automatic;
				CURRENT_PROJECT_VERSION = 1;
				DEVELOPMENT_ASSET_PATHS = "\"Apple-Frameworks/Preview Content\"";
				DEVELOPMENT_TEAM = 95E92JVM9T;
				ENABLE_PREVIEWS = YES;
				GENERATE_INFOPLIST_FILE = YES;
				INFOPLIST_KEY_UIApplicationSceneManifest_Generation = YES;
				INFOPLIST_KEY_UIApplicationSupportsIndirectInputEvents = YES;
				INFOPLIST_KEY_UILaunchScreen_Generation = YES;
				INFOPLIST_KEY_UISupportedInterfaceOrientations_iPad = "UIInterfaceOrientationPortrait UIInterfaceOrientationPortraitUpsideDown UIInterfaceOrientationLandscapeLeft UIInterfaceOrientationLandscapeRight";
				INFOPLIST_KEY_UISupportedInterfaceOrientations_iPhone = "UIInterfaceOrientationPortrait UIInterfaceOrientationLandscapeLeft UIInterfaceOrientationLandscapeRight";
				LD_RUNPATH_SEARCH_PATHS = (
					"$(inherited)",
					"@executable_path/Frameworks",
				);
				MARKETING_VERSION = 1.0;
				PRODUCT_BUNDLE_IDENTIFIER = "com.guipeppi.Apple-Frameworks";
				PRODUCT_NAME = "$(TARGET_NAME)";
				SWIFT_EMIT_LOC_STRINGS = YES;
				SWIFT_VERSION = 5.0;
				TARGETED_DEVICE_FAMILY = "1,2";
			};
			name = Release;
		};
/* End XCBuildConfiguration section */

/* Begin XCConfigurationList section */
		FE98D8772892C6DF00E1BF1C /* Build configuration list for PBXProject "Apple-Frameworks" */ = {
			isa = XCConfigurationList;
			buildConfigurations = (
				FE98D8882892C6E100E1BF1C /* Debug */,
				FE98D8892892C6E100E1BF1C /* Release */,
			);
			defaultConfigurationIsVisible = 0;
			defaultConfigurationName = Release;
		};
		FE98D88A2892C6E100E1BF1C /* Build configuration list for PBXNativeTarget "Apple-Frameworks" */ = {
			isa = XCConfigurationList;
			buildConfigurations = (
				FE98D88B2892C6E100E1BF1C /* Debug */,
				FE98D88C2892C6E100E1BF1C /* Release */,
			);
			defaultConfigurationIsVisible = 0;
			defaultConfigurationName = Release;
		};
/* End XCConfigurationList section */
	};
	rootObject = FE98D8742892C6DF00E1BF1C /* Project object */;
}
